
Microsoft Visual Studio Solution File, Format Version 12.00
# Visual Studio 15
VisualStudioVersion = 15.0.27703.2035
MinimumVisualStudioVersion = 10.0.40219.1
Project("{FAE04EC0-301F-11D3-BF4B-00C04F79EFBC}") = "NetModel4", "NetModel4\NetModel4.csproj", "{C8C34B47-4160-459B-93B0-32BBF85B5A10}"
EndProject
Global
	GlobalSection(SolutionConfigurationPlatforms) = preSolution
		Debug|Any CPU = Debug|Any CPU
		Release|Any CPU = Release|Any CPU
	EndGlobalSection
	GlobalSection(ProjectConfigurationPlatforms) = postSolution
		{C8C34B47-4160-459B-93B0-32BBF85B5A10}.Debug|Any CPU.ActiveCfg = Debug|Any CPU
		{C8C34B47-4160-459B-93B0-32BBF85B5A10}.Debug|Any CPU.Build.0 = Debug|Any CPU
		{C8C34B47-4160-459B-93B0-32BBF85B5A10}.Release|Any CPU.ActiveCfg = Release|Any CPU
		{C8C34B47-4160-459B-93B0-32BBF85B5A10}.Release|Any CPU.Build.0 = Release|Any CPU
	EndGlobalSection
	GlobalSection(SolutionProperties) = preSolution
		HideSolutionNode = FALSE
	EndGlobalSection
	GlobalSection(ExtensibilityGlobals) = postSolution
		SolutionGuid = {4BE8DAD4-CB59-4B51-BF9C-54D9650C11B7}
	EndGlobalSection
EndGlobal
