
Microsoft Visual Studio Solution File, Format Version 12.00
# Visual Studio Version 17
VisualStudioVersion = 17.2.32630.192
MinimumVisualStudioVersion = 10.0.40219.1
Project("{FAE04EC0-301F-11D3-BF4B-00C04F79EFBC}") = "Net", "Net\Net.csproj", "{F70CA2EA-C04A-4F46-A95B-91C480FC4480}"
EndProject
Project("{FAE04EC0-301F-11D3-BF4B-00C04F79EFBC}") = "EmergentImage", "EmergentImage\EmergentImage.csproj", "{DEDE1FA7-8741-4984-9132-BAD4432A7AB9}"
EndProject
Project("{FAE04EC0-301F-11D3-BF4B-00C04F79EFBC}") = "PieChart", "PieChart\PieChart.csproj", "{A99C3A12-6E05-4AED-A0C5-8D057F1820A8}"
EndProject
Project("{FAE04EC0-301F-11D3-BF4B-00C04F79EFBC}") = "PieChart.Example", "PieChart.Example\PieChart.Example.csproj", "{4F267B64-EDAF-4317-BA95-29E45E7D45EE}"
EndProject
Global
	GlobalSection(SolutionConfigurationPlatforms) = preSolution
		Debug|Any CPU = Debug|Any CPU
		Debug|x64 = Debug|x64
		Release|Any CPU = Release|Any CPU
		Release|x64 = Release|x64
	EndGlobalSection
	GlobalSection(ProjectConfigurationPlatforms) = postSolution
		{F70CA2EA-C04A-4F46-A95B-91C480FC4480}.Debug|Any CPU.ActiveCfg = Debug|Any CPU
		{F70CA2EA-C04A-4F46-A95B-91C480FC4480}.Debug|Any CPU.Build.0 = Debug|Any CPU
		{F70CA2EA-C04A-4F46-A95B-91C480FC4480}.Debug|x64.ActiveCfg = Debug|x64
		{F70CA2EA-C04A-4F46-A95B-91C480FC4480}.Debug|x64.Build.0 = Debug|x64
		{F70CA2EA-C04A-4F46-A95B-91C480FC4480}.Release|Any CPU.ActiveCfg = Release|Any CPU
		{F70CA2EA-C04A-4F46-A95B-91C480FC4480}.Release|Any CPU.Build.0 = Release|Any CPU
		{F70CA2EA-C04A-4F46-A95B-91C480FC4480}.Release|x64.ActiveCfg = Release|x64
		{F70CA2EA-C04A-4F46-A95B-91C480FC4480}.Release|x64.Build.0 = Release|x64
		{DEDE1FA7-8741-4984-9132-BAD4432A7AB9}.Debug|Any CPU.ActiveCfg = Debug|Any CPU
		{DEDE1FA7-8741-4984-9132-BAD4432A7AB9}.Debug|Any CPU.Build.0 = Debug|Any CPU
		{DEDE1FA7-8741-4984-9132-BAD4432A7AB9}.Debug|x64.ActiveCfg = Debug|x64
		{DEDE1FA7-8741-4984-9132-BAD4432A7AB9}.Debug|x64.Build.0 = Debug|x64
		{DEDE1FA7-8741-4984-9132-BAD4432A7AB9}.Release|Any CPU.ActiveCfg = Release|Any CPU
		{DEDE1FA7-8741-4984-9132-BAD4432A7AB9}.Release|Any CPU.Build.0 = Release|Any CPU
		{DEDE1FA7-8741-4984-9132-BAD4432A7AB9}.Release|x64.ActiveCfg = Release|Any CPU
		{DEDE1FA7-8741-4984-9132-BAD4432A7AB9}.Release|x64.Build.0 = Release|Any CPU
		{A99C3A12-6E05-4AED-A0C5-8D057F1820A8}.Debug|Any CPU.ActiveCfg = Debug|Any CPU
		{A99C3A12-6E05-4AED-A0C5-8D057F1820A8}.Debug|Any CPU.Build.0 = Debug|Any CPU
		{A99C3A12-6E05-4AED-A0C5-8D057F1820A8}.Debug|x64.ActiveCfg = Debug|Any CPU
		{A99C3A12-6E05-4AED-A0C5-8D057F1820A8}.Debug|x64.Build.0 = Debug|Any CPU
		{A99C3A12-6E05-4AED-A0C5-8D057F1820A8}.Release|Any CPU.ActiveCfg = Release|Any CPU
		{A99C3A12-6E05-4AED-A0C5-8D057F1820A8}.Release|Any CPU.Build.0 = Release|Any CPU
		{A99C3A12-6E05-4AED-A0C5-8D057F1820A8}.Release|x64.ActiveCfg = Release|Any CPU
		{A99C3A12-6E05-4AED-A0C5-8D057F1820A8}.Release|x64.Build.0 = Release|Any CPU
		{4F267B64-EDAF-4317-BA95-29E45E7D45EE}.Debug|Any CPU.ActiveCfg = Debug|Any CPU
		{4F267B64-EDAF-4317-BA95-29E45E7D45EE}.Debug|Any CPU.Build.0 = Debug|Any CPU
		{4F267B64-EDAF-4317-BA95-29E45E7D45EE}.Debug|x64.ActiveCfg = Debug|Any CPU
		{4F267B64-EDAF-4317-BA95-29E45E7D45EE}.Debug|x64.Build.0 = Debug|Any CPU
		{4F267B64-EDAF-4317-BA95-29E45E7D45EE}.Release|Any CPU.ActiveCfg = Release|Any CPU
		{4F267B64-EDAF-4317-BA95-29E45E7D45EE}.Release|Any CPU.Build.0 = Release|Any CPU
		{4F267B64-EDAF-4317-BA95-29E45E7D45EE}.Release|x64.ActiveCfg = Release|Any CPU
		{4F267B64-EDAF-4317-BA95-29E45E7D45EE}.Release|x64.Build.0 = Release|Any CPU
	EndGlobalSection
	GlobalSection(SolutionProperties) = preSolution
		HideSolutionNode = FALSE
	EndGlobalSection
	GlobalSection(ExtensibilityGlobals) = postSolution
		SolutionGuid = {4BE8DAD4-CB59-4B51-BF9C-54D9650C11B7}
	EndGlobalSection
EndGlobal
